lockfileVersion: '9.0'

settings:
  autoInstallPeers: true
  excludeLinksFromLockfile: false

importers:

  .:
    devDependencies:
      typescript:
        specifier: 4.6.4
        version: 4.6.4

packages:

  typescript@4.6.4:
    resolution: {integrity: sha512-9ia/jWHIEbo49HfjrLGfKbZSuWo9iTMwXO+Ca3pRsSpbsMbc7/IU8NKdCZVRRBafVPGnoJeFL76ZOAA84I9fEg==}
    engines: {node: '>=4.2.0'}
    hasBin: true

snapshots:

  typescript@4.6.4: {}
